// !$*UTF8*$!
{
	archiveVersion = 1;
	classes = {
	};
	objectVersion = 46;
	objects = {

/* Begin PBXBuildFile section */
		945D61081902BDF50019F00F /* Foundation.framework in Frameworks */ = {isa = PBXBuildFile; fileRef = 945D61071902BDF50019F00F /* Foundation.framework */; };
		945D610A1902BDF50019F00F /* CoreGraphics.framework in Frameworks */ = {isa = PBXBuildFile; fileRef = 945D61091902BDF50019F00F /* CoreGraphics.framework */; };
		945D610C1902BDF50019F00F /* UIKit.framework in Frameworks */ = {isa = PBXBuildFile; fileRef = 945D610B1902BDF50019F00F /* UIKit.framework */; };
		945D61121902BDF60019F00F /* InfoPlist.strings in Resources */ = {isa = PBXBuildFile; fileRef = 945D61101902BDF60019F00F /* InfoPlist.strings */; };
		945D61141902BDF60019F00F /* main.m in Sources */ = {isa = PBXBuildFile; fileRef = 945D61131902BDF60019F00F /* main.m */; };
		945D61181902BDF60019F00F /* CTAppDelegate.m in Sources */ = {isa = PBXBuildFile; fileRef = 945D61171902BDF60019F00F /* CTAppDelegate.m */; };
		945D611B1902BDF60019F00F /* Main.storyboard in Resources */ = {isa = PBXBuildFile; fileRef = 945D61191902BDF60019F00F /* Main.storyboard */; };
		945D611E1902BDF60019F00F /* CTViewController.m in Sources */ = {isa = PBXBuildFile; fileRef = 945D611D1902BDF60019F00F /* CTViewController.m */; };
		945D61201902BDF60019F00F /* Images.xcassets in Resources */ = {isa = PBXBuildFile; fileRef = 945D611F1902BDF60019F00F /* Images.xcassets */; };
		945D61271902BDF60019F00F /* XCTest.framework in Frameworks */ = {isa = PBXBuildFile; fileRef = 945D61261902BDF60019F00F /* XCTest.framework */; };
		945D61281902BDF60019F00F /* Foundation.framework in Frameworks */ = {isa = PBXBuildFile; fileRef = 945D61071902BDF50019F00F /* Foundation.framework */; };
		945D61291902BDF60019F00F /* UIKit.framework in Frameworks */ = {isa = PBXBuildFile; fileRef = 945D610B1902BDF50019F00F /* UIKit.framework */; };
		945D61311902BDF60019F00F /* InfoPlist.strings in Resources */ = {isa = PBXBuildFile; fileRef = 945D612F1902BDF60019F00F /* InfoPlist.strings */; };
		945D61331902BDF60019F00F /* CTInternationalizationTests.m in Sources */ = {isa = PBXBuildFile; fileRef = 945D61321902BDF60019F00F /* CTInternationalizationTests.m */; };
/* End PBXBuildFile section */

/* Begin PBXContainerItemProxy section */
		945D612A1902BDF60019F00F /* PBXContainerItemProxy */ = {
			isa = PBXContainerItemProxy;
			containerPortal = 945D60FC1902BDF50019F00F /* Project object */;
			proxyType = 1;
			remoteGlobalIDString = 945D61031902BDF50019F00F;
			remoteInfo = CTInternationalization;
		};
/* End PBXContainerItemProxy section */

/* Begin PBXFileReference section */
		945D61041902BDF50019F00F /* CTInternationalization.app */ = {isa = PBXFileReference; explicitFileType = wrapper.application; includeInIndex = 0; path = CTInternationalization.app; sourceTree = BUILT_PRODUCTS_DIR; };
		945D61071902BDF50019F00F /* Foundation.framework */ = {isa = PBXFileReference; lastKnownFileType = wrapper.framework; name = Foundation.framework; path = System/Library/Frameworks/Foundation.framework; sourceTree = SDKROOT; };
		945D61091902BDF50019F00F /* CoreGraphics.framework */ = {isa = PBXFileReference; lastKnownFileType = wrapper.framework; name = CoreGraphics.framework; path = System/Library/Frameworks/CoreGraphics.framework; sourceTree = SDKROOT; };
		945D610B1902BDF50019F00F /* UIKit.framework */ = {isa = PBXFileReference; lastKnownFileType = wrapper.framework; name = UIKit.framework; path = System/Library/Frameworks/UIKit.framework; sourceTree = SDKROOT; };
		945D610F1902BDF60019F00F /* CTInternationalization-Info.plist */ = {isa = PBXFileReference; lastKnownFileType = text.plist.xml; path = "CTInternationalization-Info.plist"; sourceTree = "<group>"; };
		945D61111902BDF60019F00F /* en */ = {isa = PBXFileReference; lastKnownFileType = text.plist.strings; name = en; path = en.lproj/InfoPlist.strings; sourceTree = "<group>"; };
		945D61131902BDF60019F00F /* main.m */ = {isa = PBXFileReference; lastKnownFileType = sourcecode.c.objc; path = main.m; sourceTree = "<group>"; };
		945D61151902BDF60019F00F /* CTInternationalization-Prefix.pch */ = {isa = PBXFileReference; lastKnownFileType = sourcecode.c.h; path = "CTInternationalization-Prefix.pch"; sourceTree = "<group>"; };
		945D61161902BDF60019F00F /* CTAppDelegate.h */ = {isa = PBXFileReference; lastKnownFileType = sourcecode.c.h; path = CTAppDelegate.h; sourceTree = "<group>"; };
		945D61171902BDF60019F00F /* CTAppDelegate.m */ = {isa = PBXFileReference; lastKnownFileType = sourcecode.c.objc; path = CTAppDelegate.m; sourceTree = "<group>"; };
		945D611A1902BDF60019F00F /* Base */ = {isa = PBXFileReference; lastKnownFileType = file.storyboard; name = Base; path = Base.lproj/Main.storyboard; sourceTree = "<group>"; };
		945D611C1902BDF60019F00F /* CTViewController.h */ = {isa = PBXFileReference; lastKnownFileType = sourcecode.c.h; path = CTViewController.h; sourceTree = "<group>"; };
		945D611D1902BDF60019F00F /* CTViewController.m */ = {isa = PBXFileReference; lastKnownFileType = sourcecode.c.objc; path = CTViewController.m; sourceTree = "<group>"; };
		945D611F1902BDF60019F00F /* Images.xcassets */ = {isa = PBXFileReference; lastKnownFileType = folder.assetcatalog; path = Images.xcassets; sourceTree = "<group>"; };
		945D61251902BDF60019F00F /* CTInternationalizationTests.xctest */ = {isa = PBXFileReference; explicitFileType = wrapper.cfbundle; includeInIndex = 0; path = CTInternationalizationTests.xctest; sourceTree = BUILT_PRODUCTS_DIR; };
		945D61261902BDF60019F00F /* XCTest.framework */ = {isa = PBXFileReference; lastKnownFileType = wrapper.framework; name = XCTest.framework; path = Library/Frameworks/XCTest.framework; sourceTree = DEVELOPER_DIR; };
		945D612E1902BDF60019F00F /* CTInternationalizationTests-Info.plist */ = {isa = PBXFileReference; lastKnownFileType = text.plist.xml; path = "CTInternationalizationTests-Info.plist"; sourceTree = "<group>"; };
		945D61301902BDF60019F00F /* en */ = {isa = PBXFileReference; lastKnownFileType = text.plist.strings; name = en; path = en.lproj/InfoPlist.strings; sourceTree = "<group>"; };
		945D61321902BDF60019F00F /* CTInternationalizationTests.m */ = {isa = PBXFileReference; lastKnownFileType = sourcecode.c.objc; path = CTInternationalizationTests.m; sourceTree = "<group>"; };
/* End PBXFileReference section */

/* Begin PBXFrameworksBuildPhase section */
		945D61011902BDF50019F00F /* Frameworks */ = {
			isa = PBXFrameworksBuildPhase;
			buildActionMask = 2147483647;
			files = (
				945D610A1902BDF50019F00F /* CoreGraphics.framework in Frameworks */,
				945D610C1902BDF50019F00F /* UIKit.framework in Frameworks */,
				945D61081902BDF50019F00F /* Foundation.framework in Frameworks */,
			);
			runOnlyForDeploymentPostprocessing = 0;
		};
		945D61221902BDF60019F00F /* Frameworks */ = {
			isa = PBXFrameworksBuildPhase;
			buildActionMask = 2147483647;
			files = (
				945D61271902BDF60019F00F /* XCTest.framework in Frameworks */,
				945D61291902BDF60019F00F /* UIKit.framework in Frameworks */,
				945D61281902BDF60019F00F /* Foundation.framework in Frameworks */,
			);
			runOnlyForDeploymentPostprocessing = 0;
		};
/* End PBXFrameworksBuildPhase section */

/* Begin PBXGroup section */
		945D60FB1902BDF50019F00F = {
			isa = PBXGroup;
			children = (
				945D610D1902BDF60019F00F /* CTInternationalization */,
				945D612C1902BDF60019F00F /* CTInternationalizationTests */,
				945D61061902BDF50019F00F /* Frameworks */,
				945D61051902BDF50019F00F /* Products */,
			);
			sourceTree = "<group>";
		};
		945D61051902BDF50019F00F /* Products */ = {
			isa = PBXGroup;
			children = (
				945D61041902BDF50019F00F /* CTInternationalization.app */,
				945D61251902BDF60019F00F /* CTInternationalizationTests.xctest */,
			);
			name = Products;
			sourceTree = "<group>";
		};
		945D61061902BDF50019F00F /* Frameworks */ = {
			isa = PBXGroup;
			children = (
				945D61071902BDF50019F00F /* Foundation.framework */,
				945D61091902BDF50019F00F /* CoreGraphics.framework */,
				945D610B1902BDF50019F00F /* UIKit.framework */,
				945D61261902BDF60019F00F /* XCTest.framework */,
			);
			name = Frameworks;
			sourceTree = "<group>";
		};
		945D610D1902BDF60019F00F /* CTInternationalization */ = {
			isa = PBXGroup;
			children = (
				945D61161902BDF60019F00F /* CTAppDelegate.h */,
				945D61171902BDF60019F00F /* CTAppDelegate.m */,
				945D61191902BDF60019F00F /* Main.storyboard */,
				945D611C1902BDF60019F00F /* CTViewController.h */,
				945D611D1902BDF60019F00F /* CTViewController.m */,
				945D611F1902BDF60019F00F /* Images.xcassets */,
				945D610E1902BDF60019F00F /* Supporting Files */,
			);
			path = CTInternationalization;
			sourceTree = "<group>";
		};
		945D610E1902BDF60019F00F /* Supporting Files */ = {
			isa = PBXGroup;
			children = (
				945D610F1902BDF60019F00F /* CTInternationalization-Info.plist */,
				945D61101902BDF60019F00F /* InfoPlist.strings */,
				945D61131902BDF60019F00F /* main.m */,
				945D61151902BDF60019F00F /* CTInternationalization-Prefix.pch */,
			);
			name = "Supporting Files";
			sourceTree = "<group>";
		};
		945D612C1902BDF60019F00F /* CTInternationalizationTests */ = {
			isa = PBXGroup;
			children = (
				945D61321902BDF60019F00F /* CTInternationalizationTests.m */,
				945D612D1902BDF60019F00F /* Supporting Files */,
			);
			path = CTInternationalizationTests;
			sourceTree = "<group>";
		};
		945D612D1902BDF60019F00F /* Supporting Files */ = {
			isa = PBXGroup;
			children = (
				945D612E1902BDF60019F00F /* CTInternationalizationTests-Info.plist */,
				945D612F1902BDF60019F00F /* InfoPlist.strings */,
			);
			name = "Supporting Files";
			sourceTree = "<group>";
		};
/* End PBXGroup section */

/* Begin PBXNativeTarget section */
		945D61031902BDF50019F00F /* CTInternationalization */ = {
			isa = PBXNativeTarget;
			buildConfigurationList = 945D61361902BDF60019F00F /* Build configuration list for PBXNativeTarget "CTInternationalization" */;
			buildPhases = (
				945D61001902BDF50019F00F /* Sources */,
				945D61011902BDF50019F00F /* Frameworks */,
				945D61021902BDF50019F00F /* Resources */,
			);
			buildRules = (
			);
			dependencies = (
			);
			name = CTInternationalization;
			productName = CTInternationalization;
			productReference = 945D61041902BDF50019F00F /* CTInternationalization.app */;
			productType = "com.apple.product-type.application";
		};
		945D61241902BDF60019F00F /* CTInternationalizationTests */ = {
			isa = PBXNativeTarget;
			buildConfigurationList = 945D61391902BDF60019F00F /* Build configuration list for PBXNativeTarget "CTInternationalizationTests" */;
			buildPhases = (
				945D61211902BDF60019F00F /* Sources */,
				945D61221902BDF60019F00F /* Frameworks */,
				945D61231902BDF60019F00F /* Resources */,
			);
			buildRules = (
			);
			dependencies = (
				945D612B1902BDF60019F00F /* PBXTargetDependency */,
			);
			name = CTInternationalizationTests;
			productName = CTInternationalizationTests;
			productReference = 945D61251902BDF60019F00F /* CTInternationalizationTests.xctest */;
			productType = "com.apple.product-type.bundle.unit-test";
		};
/* End PBXNativeTarget section */

/* Begin PBXProject section */
		945D60FC1902BDF50019F00F /* Project object */ = {
			isa = PBXProject;
			attributes = {
				CLASSPREFIX = CT;
				LastUpgradeCheck = 0510;
				ORGANIZATIONNAME = carlos;
				TargetAttributes = {
					945D61241902BDF60019F00F = {
						TestTargetID = 945D61031902BDF50019F00F;
					};
				};
			};
			buildConfigurationList = 945D60FF1902BDF50019F00F /* Build configuration list for PBXProject "CTInternationalization" */;
			compatibilityVersion = "Xcode 3.2";
			developmentRegion = English;
			hasScannedForEncodings = 0;
			knownRegions = (
				en,
				Base,
			);
			mainGroup = 945D60FB1902BDF50019F00F;
			productRefGroup = 945D61051902BDF50019F00F /* Products */;
			projectDirPath = "";
			projectRoot = "";
			targets = (
				945D61031902BDF50019F00F /* CTInternationalization */,
				945D61241902BDF60019F00F /* CTInternationalizationTests */,
			);
		};
/* End PBXProject section */

/* Begin PBXResourcesBuildPhase section */
		945D61021902BDF50019F00F /* Resources */ = {
			isa = PBXResourcesBuildPhase;
			buildActionMask = 2147483647;
			files = (
				945D61201902BDF60019F00F /* Images.xcassets in Resources */,
				945D61121902BDF60019F00F /* InfoPlist.strings in Resources */,
				945D611B1902BDF60019F00F /* Main.storyboard in Resources */,
			);
			runOnlyForDeploymentPostprocessing = 0;
		};
		945D61231902BDF60019F00F /* Resources */ = {
			isa = PBXResourcesBuildPhase;
			buildActionMask = 2147483647;
			files = (
				945D61311902BDF60019F00F /* InfoPlist.strings in Resources */,
			);
			runOnlyForDeploymentPostprocessing = 0;
		};
/* End PBXResourcesBuildPhase section */

/* Begin PBXSourcesBuildPhase section */
		945D61001902BDF50019F00F /* Sources */ = {
			isa = PBXSourcesBuildPhase;
			buildActionMask = 2147483647;
			files = (
				945D61141902BDF60019F00F /* main.m in Sources */,
				945D61181902BDF60019F00F /* CTAppDelegate.m in Sources */,
				945D611E1902BDF60019F00F /* CTViewController.m in Sources */,
			);
			runOnlyForDeploymentPostprocessing = 0;
		};
		945D61211902BDF60019F00F /* Sources */ = {
			isa = PBXSourcesBuildPhase;
			buildActionMask = 2147483647;
			files = (
				945D61331902BDF60019F00F /* CTInternationalizationTests.m in Sources */,
			);
			runOnlyForDeploymentPostprocessing = 0;
		};
/* End PBXSourcesBuildPhase section */

/* Begin PBXTargetDependency section */
		945D612B1902BDF60019F00F /* PBXTargetDependency */ = {
			isa = PBXTargetDependency;
			target = 945D61031902BDF50019F00F /* CTInternationalization */;
			targetProxy = 945D612A1902BDF60019F00F /* PBXContainerItemProxy */;
		};
/* End PBXTargetDependency section */

/* Begin PBXVariantGroup section */
		945D61101902BDF60019F00F /* InfoPlist.strings */ = {
			isa = PBXVariantGroup;
			children = (
				945D61111902BDF60019F00F /* en */,
			);
			name = InfoPlist.strings;
			sourceTree = "<group>";
		};
		945D61191902BDF60019F00F /* Main.storyboard */ = {
			isa = PBXVariantGroup;
			children = (
				945D611A1902BDF60019F00F /* Base */,
			);
			name = Main.storyboard;
			sourceTree = "<group>";
		};
		945D612F1902BDF60019F00F /* InfoPlist.strings */ = {
			isa = PBXVariantGroup;
			children = (
				945D61301902BDF60019F00F /* en */,
			);
			name = InfoPlist.strings;
			sourceTree = "<group>";
		};
/* End PBXVariantGroup section */

/* Begin XCBuildConfiguration section */
		945D61341902BDF60019F00F /* Debug */ = {
			isa = XCBuildConfiguration;
			buildSettings = {
				ALWAYS_SEARCH_USER_PATHS = NO;
				CLANG_CXX_LANGUAGE_STANDARD = "gnu++0x";
				CLANG_CXX_LIBRARY = "libc++";
				CLANG_ENABLE_MODULES = YES;
				CLANG_ENABLE_OBJC_ARC = YES;
				CLANG_WARN_BOOL_CONVERSION = YES;
				CLANG_WARN_CONSTANT_CONVERSION = YES;
				CLANG_WARN_DIRECT_OBJC_ISA_USAGE = YES_ERROR;
				CLANG_WARN_EMPTY_BODY = YES;
				CLANG_WARN_ENUM_CONVERSION = YES;
				CLANG_WARN_INT_CONVERSION = YES;
				CLANG_WARN_OBJC_ROOT_CLASS = YES_ERROR;
				CLANG_WARN__DUPLICATE_METHOD_MATCH = YES;
				"CODE_SIGN_IDENTITY[sdk=iphoneos*]" = "iPhone Developer";
				COPY_PHASE_STRIP = NO;
				GCC_C_LANGUAGE_STANDARD = gnu99;
				GCC_DYNAMIC_NO_PIC = NO;
				GCC_OPTIMIZATION_LEVEL = 0;
				GCC_PREPROCESSOR_DEFINITIONS = (
					"DEBUG=1",
					"$(inherited)",
				);
				GCC_SYMBOLS_PRIVATE_EXTERN = NO;
				GCC_WARN_64_TO_32_BIT_CONVERSION = YES;
				GCC_WARN_ABOUT_RETURN_TYPE = YES_ERROR;
				GCC_WARN_UNDECLARED_SELECTOR = YES;
				GCC_WARN_UNINITIALIZED_AUTOS = YES_AGGRESSIVE;
				GCC_WARN_UNUSED_FUNCTION = YES;
				GCC_WARN_UNUSED_VARIABLE = YES;
				IPHONEOS_DEPLOYMENT_TARGET = 7.1;
				ONLY_ACTIVE_ARCH = YES;
				SDKROOT = iphoneos;
			};
			name = Debug;
		};
		945D61351902BDF60019F00F /* Release */ = {
			isa = XCBuildConfiguration;
			buildSettings = {
				ALWAYS_SEARCH_USER_PATHS = NO;
				CLANG_CXX_LANGUAGE_STANDARD = "gnu++0x";
				CLANG_CXX_LIBRARY = "libc++";
				CLANG_ENABLE_MODULES = YES;
				CLANG_ENABLE_OBJC_ARC = YES;
				CLANG_WARN_BOOL_CONVERSION = YES;
				CLANG_WARN_CONSTANT_CONVERSION = YES;
				CLANG_WARN_DIRECT_OBJC_ISA_USAGE = YES_ERROR;
				CLANG_WARN_EMPTY_BODY = YES;
				CLANG_WARN_ENUM_CONVERSION = YES;
				CLANG_WARN_INT_CONVERSION = YES;
				CLANG_WARN_OBJC_ROOT_CLASS = YES_ERROR;
				CLANG_WARN__DUPLICATE_METHOD_MATCH = YES;
				"CODE_SIGN_IDENTITY[sdk=iphoneos*]" = "iPhone Developer";
				COPY_PHASE_STRIP = YES;
				ENABLE_NS_ASSERTIONS = NO;
				GCC_C_LANGUAGE_STANDARD = gnu99;
				GCC_WARN_64_TO_32_BIT_CONVERSION = YES;
				GCC_WARN_ABOUT_RETURN_TYPE = YES_ERROR;
				GCC_WARN_UNDECLARED_SELECTOR = YES;
				GCC_WARN_UNINITIALIZED_AUTOS = YES_AGGRESSIVE;
				GCC_WARN_UNUSED_FUNCTION = YES;
				GCC_WARN_UNUSED_VARIABLE = YES;
				IPHONEOS_DEPLOYMENT_TARGET = 7.1;
				SDKROOT = iphoneos;
				VALIDATE_PRODUCT = YES;
			};
			name = Release;
		};
		945D61371902BDF60019F00F /* Debug */ = {
			isa = XCBuildConfiguration;
			buildSettings = {
				ASSETCATALOG_COMPILER_APPICON_NAME = AppIcon;
				ASSETCATALOG_COMPILER_LAUNCHIMAGE_NAME = LaunchImage;
				GCC_PRECOMPILE_PREFIX_HEADER = YES;
				GCC_PREFIX_HEADER = "CTInternationalization/CTInternationalization-Prefix.pch";
				INFOPLIST_FILE = "CTInternationalization/CTInternationalization-Info.plist";
				PRODUCT_NAME = "$(TARGET_NAME)";
				WRAPPER_EXTENSION = app;
			};
			name = Debug;
		};
		945D61381902BDF60019F00F /* Release */ = {
			isa = XCBuildConfiguration;
			buildSettings = {
				ASSETCATALOG_COMPILER_APPICON_NAME = AppIcon;
				ASSETCATALOG_COMPILER_LAUNCHIMAGE_NAME = LaunchImage;
				GCC_PRECOMPILE_PREFIX_HEADER = YES;
				GCC_PREFIX_HEADER = "CTInternationalization/CTInternationalization-Prefix.pch";
				INFOPLIST_FILE = "CTInternationalization/CTInternationalization-Info.plist";
				PRODUCT_NAME = "$(TARGET_NAME)";
				WRAPPER_EXTENSION = app;
			};
			name = Release;
		};
		945D613A1902BDF60019F00F /* Debug */ = {
			isa = XCBuildConfiguration;
			buildSettings = {
				BUNDLE_LOADER = "$(BUILT_PRODUCTS_DIR)/CTInternationalization.app/CTInternationalization";
				FRAMEWORK_SEARCH_PATHS = (
					"$(SDKROOT)/Developer/Library/Frameworks",
					"$(inherited)",
					"$(DEVELOPER_FRAMEWORKS_DIR)",
				);
				GCC_PRECOMPILE_PREFIX_HEADER = YES;
				GCC_PREFIX_HEADER = "CTInternationalization/CTInternationalization-Prefix.pch";
				GCC_PREPROCESSOR_DEFINITIONS = (
					"DEBUG=1",
					"$(inherited)",
				);
				INFOPLIST_FILE = "CTInternationalizationTests/CTInternationalizationTests-Info.plist";
				PRODUCT_NAME = "$(TARGET_NAME)";
				TEST_HOST = "$(BUNDLE_LOADER)";
				WRAPPER_EXTENSION = xctest;
			};
			name = Debug;
		};
		945D613B1902BDF60019F00F /* Release */ = {
			isa = XCBuildConfiguration;
			buildSettings = {
				BUNDLE_LOADER = "$(BUILT_PRODUCTS_DIR)/CTInternationalization.app/CTInternationalization";
				FRAMEWORK_SEARCH_PATHS = (
					"$(SDKROOT)/Developer/Library/Frameworks",
					"$(inherited)",
					"$(DEVELOPER_FRAMEWORKS_DIR)",
				);
				GCC_PRECOMPILE_PREFIX_HEADER = YES;
				GCC_PREFIX_HEADER = "CTInternationalization/CTInternationalization-Prefix.pch";
				INFOPLIST_FILE = "CTInternationalizationTests/CTInternationalizationTests-Info.plist";
				PRODUCT_NAME = "$(TARGET_NAME)";
				TEST_HOST = "$(BUNDLE_LOADER)";
				WRAPPER_EXTENSION = xctest;
			};
			name = Release;
		};
/* End XCBuildConfiguration section */

/* Begin XCConfigurationList section */
		945D60FF1902BDF50019F00F /* Build configuration list for PBXProject "CTInternationalization" */ = {
			isa = XCConfigurationList;
			buildConfigurations = (
				945D61341902BDF60019F00F /* Debug */,
				945D61351902BDF60019F00F /* Release */,
			);
			defaultConfigurationIsVisible = 0;
			defaultConfigurationName = Release;
		};
		945D61361902BDF60019F00F /* Build configuration list for PBXNativeTarget "CTInternationalization" */ = {
			isa = XCConfigurationList;
			buildConfigurations = (
				945D61371902BDF60019F00F /* Debug */,
				945D61381902BDF60019F00F /* Release */,
			);
			defaultConfigurationIsVisible = 0;
		};
		945D61391902BDF60019F00F /* Build configuration list for PBXNativeTarget "CTInternationalizationTests" */ = {
			isa = XCConfigurationList;
			buildConfigurations = (
				945D613A1902BDF60019F00F /* Debug */,
				945D613B1902BDF60019F00F /* Release */,
			);
			defaultConfigurationIsVisible = 0;
		};
/* End XCConfigurationList section */
	};
	rootObject = 945D60FC1902BDF50019F00F /* Project object */;
}
